
Microsoft Visual Studio Solution File, Format Version 12.00
# Visual Studio Version 17
VisualStudioVersion = 17.8.34511.84
MinimumVisualStudioVersion = 10.0.40219.1
Project("{8BC9CEB8-8B4A-11D0-8D11-00A0C91BC942}") = "testSet", "testSet.vcxproj", "{D7048B6B-5539-44DC-BFC9-961CF90BAC2A}"
EndProject
Global
	GlobalSection(SolutionConfigurationPlatforms) = preSolution
		Debug|x64 = Debug|x64
		Debug|x86 = Debug|x86
		Release|x64 = Release|x64
		Release|x86 = Release|x86
	EndGlobalSection
	GlobalSection(ProjectConfigurationPlatforms) = postSolution
		{D7048B6B-5539-44DC-BFC9-961CF90BAC2A}.Debug|x64.ActiveCfg = Debug|x64
		{D7048B6B-5539-44DC-BFC9-961CF90BAC2A}.Debug|x64.Build.0 = Debug|x64
		{D7048B6B-5539-44DC-BFC9-961CF90BAC2A}.Debug|x86.ActiveCfg = Debug|Win32
		{D7048B6B-5539-44DC-BFC9-961CF90BAC2A}.Debug|x86.Build.0 = Debug|Win32
		{D7048B6B-5539-44DC-BFC9-961CF90BAC2A}.Release|x64.ActiveCfg = Release|x64
		{D7048B6B-5539-44DC-BFC9-961CF90BAC2A}.Release|x64.Build.0 = Release|x64
		{D7048B6B-5539-44DC-BFC9-961CF90BAC2A}.Release|x86.ActiveCfg = Release|Win32
		{D7048B6B-5539-44DC-BFC9-961CF90BAC2A}.Release|x86.Build.0 = Release|Win32
	EndGlobalSection
	GlobalSection(SolutionProperties) = preSolution
		HideSolutionNode = FALSE
	EndGlobalSection
	GlobalSection(ExtensibilityGlobals) = postSolution
		SolutionGuid = {68F27F43-91C0-4976-9FD2-F3CC7C70E5A2}
	EndGlobalSection
EndGlobal
