
Microsoft Visual Studio Solution File, Format Version 12.00
# Visual Studio Version 17
VisualStudioVersion = 17.8.34408.163
MinimumVisualStudioVersion = 10.0.40219.1
Project("{8BC9CEB8-8B4A-11D0-8D11-00A0C91BC942}") = "q1", "q1.vcxproj", "{6DA57795-3E28-4ADC-A29F-92B87C834740}"
EndProject
Global
	GlobalSection(SolutionConfigurationPlatforms) = preSolution
		Debug|x64 = Debug|x64
		Debug|x86 = Debug|x86
		Release|x64 = Release|x64
		Release|x86 = Release|x86
	EndGlobalSection
	GlobalSection(ProjectConfigurationPlatforms) = postSolution
		{6DA57795-3E28-4ADC-A29F-92B87C834740}.Debug|x64.ActiveCfg = Debug|x64
		{6DA57795-3E28-4ADC-A29F-92B87C834740}.Debug|x64.Build.0 = Debug|x64
		{6DA57795-3E28-4ADC-A29F-92B87C834740}.Debug|x86.ActiveCfg = Debug|Win32
		{6DA57795-3E28-4ADC-A29F-92B87C834740}.Debug|x86.Build.0 = Debug|Win32
		{6DA57795-3E28-4ADC-A29F-92B87C834740}.Release|x64.ActiveCfg = Release|x64
		{6DA57795-3E28-4ADC-A29F-92B87C834740}.Release|x64.Build.0 = Release|x64
		{6DA57795-3E28-4ADC-A29F-92B87C834740}.Release|x86.ActiveCfg = Release|Win32
		{6DA57795-3E28-4ADC-A29F-92B87C834740}.Release|x86.Build.0 = Release|Win32
	EndGlobalSection
	GlobalSection(SolutionProperties) = preSolution
		HideSolutionNode = FALSE
	EndGlobalSection
	GlobalSection(ExtensibilityGlobals) = postSolution
		SolutionGuid = {B3F172D0-71DA-44CB-80E6-CC0137F5BCEF}
	EndGlobalSection
EndGlobal
